
Microsoft Visual Studio Solution File, Format Version 12.00
# Visual Studio 15
VisualStudioVersion = 15.0.28307.271
MinimumVisualStudioVersion = 10.0.40219.1
Project("{FAE04EC0-301F-11D3-BF4B-00C04F79EFBC}") = "Analytics", "Analytics\Analytics.csproj", "{0492CE2A-745C-493A-B600-01C641F3E8EA}"
EndProject
Project("{2150E333-8FDC-42A3-9474-1A3956D46DE8}") = "BuildPackage", "BuildPackage", "{407B7DE7-11C8-4540-86C1-96F841326171}"
	ProjectSection(SolutionItems) = preProject
		appveyor.yml = appveyor.yml
		BuildPackage\Build.bat = BuildPackage\Build.bat
		BuildPackage\LocalBuild.bat = BuildPackage\LocalBuild.bat
		BuildPackage\package.nuspec = BuildPackage\package.nuspec
		BuildPackage\package.proj = BuildPackage\package.proj
		BuildPackage\package.xml = BuildPackage\package.xml
	EndProjectSection
EndProject
Global
	GlobalSection(SolutionConfigurationPlatforms) = preSolution
		Debug|Any CPU = Debug|Any CPU
		Release|Any CPU = Release|Any CPU
	EndGlobalSection
	GlobalSection(ProjectConfigurationPlatforms) = postSolution
		{0492CE2A-745C-493A-B600-01C641F3E8EA}.Debug|Any CPU.ActiveCfg = Debug|Any CPU
		{0492CE2A-745C-493A-B600-01C641F3E8EA}.Debug|Any CPU.Build.0 = Debug|Any CPU
		{0492CE2A-745C-493A-B600-01C641F3E8EA}.Release|Any CPU.ActiveCfg = Release|Any CPU
		{0492CE2A-745C-493A-B600-01C641F3E8EA}.Release|Any CPU.Build.0 = Release|Any CPU
	EndGlobalSection
	GlobalSection(SolutionProperties) = preSolution
		HideSolutionNode = FALSE
	EndGlobalSection
	GlobalSection(ExtensibilityGlobals) = postSolution
		SolutionGuid = {5CFD9333-EBCF-4449-BB80-24D3C1BC7C72}
	EndGlobalSection
EndGlobal
